lockfileVersion: 5.3

specifiers:
  '@material-ui/core': ^5.0.0-beta.5
  '@material-ui/icons': ^5.0.0-beta.5
  '@material-ui/styles': ^5.0.0-beta.5
  '@tools/scripts': file:./tools/scripts
  '@types/jest': ^27.4.0
  '@types/node': ^17.0.18
  '@types/react': ^17.0.39
  react: ^17.0.2
  react-dom: ^17.0.2
  toolcheck: ^0.1.4
  tslib: ^2.3.1
  tslint: ^6.1.3
  typescript: ^4.5.5

devDependencies:
  '@material-ui/core': 5.0.0-beta.5_b8fdba992ce7d797017dc07106486496
  '@material-ui/icons': 5.0.0-beta.5_66811163282f8a8245f503f53d69acbb
  '@material-ui/styles': 5.0.0-beta.5_a0c521d4794c7ad97f5f4c1c4a7d5818
  '@tools/scripts': link:tools/scripts
  '@types/jest': 27.4.0
  '@types/node': 17.0.18
  '@types/react': 17.0.39
  react: 17.0.2
  react-dom: 17.0.2_react@17.0.2
  toolcheck: 0.1.4
  tslib: 2.3.1
  tslint: 6.1.3_typescript@4.5.5
  typescript: 4.5.5

packages:

  /@babel/code-frame/7.10.4:
    resolution: {integrity: sha512-vG6SvB6oYEhvgisZNFRmRCUkLz11c7rp+tbNTynGqc6mS1d5ATd/sGyV6W0KZZnXRKMTzZDRgQT3Ou9jhpAfUg==}
    dependencies:
      '@babel/highlight': 7.10.4
    dev: true

  /@babel/helper-validator-identifier/7.10.4:
    resolution: {integrity: sha512-3U9y+43hz7ZM+rzG24Qe2mufW5KhvFg/NhnNph+i9mgCtdTCtMJuI1TMkrIUiK7Ix4PYlRF9I5dhqaLYA/ADXw==}
    dev: true

  /@babel/highlight/7.10.4:
    resolution: {integrity: sha512-i6rgnR/YgPEQzZZnbTHHuZdlE8qyoBNalD6F+q4vAFlcMEcqmkoG+mPqJYJCo63qPf74+Y1UZsl3l6f7/RIkmA==}
    dependencies:
      '@babel/helper-validator-identifier': 7.10.4
      chalk: 2.4.2
      js-tokens: 4.0.0
    dev: true

  /@babel/runtime/7.15.4:
    resolution: {integrity: sha512-99catp6bHCaxr4sJ/DbTGgHS4+Rs2RVd2g7iOap6SLGPDknRK9ztKNsE/Fg6QhSeh1FGE5f6gHGQmvvn3I3xhw==}
    engines: {node: '>=6.9.0'}
    dependencies:
      regenerator-runtime: 0.13.7
    dev: true

  /@emotion/cache/11.7.1:
    resolution: {integrity: sha512-r65Zy4Iljb8oyjtLeCuBH8Qjiy107dOYC6SJq7g7GV5UCQWMObY4SJDPGFjiiVpPrOJ2hmJOoBiYTC7hwx9E2A==}
    dependencies:
      '@emotion/memoize': 0.7.5
      '@emotion/sheet': 1.1.0
      '@emotion/utils': 1.0.0
      '@emotion/weak-memoize': 0.2.5
      stylis: 4.0.13
    dev: true

  /@emotion/hash/0.8.0:
    resolution: {integrity: sha512-kBJtf7PH6aWwZ6fka3zQ0p6SBYzx4fl1LoZXE2RrnYST9Xljm7WfKJrU4g/Xr3Beg72MLrp1AWNUmuYJTL7Cow==}
    dev: true

  /@emotion/is-prop-valid/1.1.1:
    resolution: {integrity: sha512-bW1Tos67CZkOURLc0OalnfxtSXQJMrAMV0jZTVGJUPSOd4qgjF3+tTD5CwJM13PHA8cltGW1WGbbvV9NpvUZPw==}
    dependencies:
      '@emotion/memoize': 0.7.5
    dev: true

  /@emotion/memoize/0.7.5:
    resolution: {integrity: sha512-igX9a37DR2ZPGYtV6suZ6whr8pTFtyHL3K/oLUotxpSVO2ASaprmAe2Dkq7tBo7CRY7MMDrAa9nuQP9/YG8FxQ==}
    dev: true

  /@emotion/sheet/1.1.0:
    resolution: {integrity: sha512-u0AX4aSo25sMAygCuQTzS+HsImZFuS8llY8O7b9MDRzbJM0kVJlAz6KNDqcG7pOuQZJmj/8X/rAW+66kMnMW+g==}
    dev: true

  /@emotion/utils/1.0.0:
    resolution: {integrity: sha512-mQC2b3XLDs6QCW+pDQDiyO/EdGZYOygE8s5N5rrzjSI4M3IejPE/JPndCBwRT9z982aqQNi6beWs1UeayrQxxA==}
    dev: true

  /@emotion/weak-memoize/0.2.5:
    resolution: {integrity: sha512-6U71C2Wp7r5XtFtQzYrW5iKFT67OixrSxjI4MptCHzdSVlgabczzqLe0ZSgnub/5Kp4hSbpDB1tMytZY9pwxxA==}
    dev: true

  /@material-ui/core/5.0.0-beta.5_b8fdba992ce7d797017dc07106486496:
    resolution: {integrity: sha512-ubRMdWJ+Maqvo0P13M+AThaHp5rBBIaURxoQ+Dx4/2Llrm1mepjINDL5PsABabqUbbNc6K+cmqgX4gwEFe7exw==}
    engines: {node: '>=12.0.0'}
    deprecated: 'You can now upgrade to @mui/material. See the guide: https://mui.com/guides/migration-v4/'
    peerDependencies:
      '@emotion/react': ^11.4.1
      '@emotion/styled': ^11.3.0
      '@types/react': ^16.8.6 || ^17.0.0
      react: ^17.0.2
      react-dom: ^17.0.2
    peerDependenciesMeta:
      '@emotion/react':
        optional: true
      '@emotion/styled':
        optional: true
      '@types/react':
        optional: true
    dependencies:
      '@babel/runtime': 7.15.4
      '@material-ui/system': 5.0.0-beta.5_a0c521d4794c7ad97f5f4c1c4a7d5818
      '@material-ui/types': 6.0.2_@types+react@17.0.39
      '@material-ui/unstyled': 5.0.0-alpha.44_b8fdba992ce7d797017dc07106486496
      '@material-ui/utils': 5.0.0-beta.5_react@17.0.2
      '@popperjs/core': 2.11.2
      '@types/react': 17.0.39
      '@types/react-transition-group': 4.4.0
      clsx: 1.1.1
      csstype: 3.0.2
      hoist-non-react-statics: 3.3.2
      prop-types: 15.7.2
      react: 17.0.2
      react-dom: 17.0.2_react@17.0.2
      react-is: 17.0.2
      react-transition-group: 4.4.1_react-dom@17.0.2+react@17.0.2
    dev: true

  /@material-ui/icons/5.0.0-beta.5_66811163282f8a8245f503f53d69acbb:
    resolution: {integrity: sha512-C2KHSf8mvDn22rzsV0UfsJyBYI3Nt/LItcKPJBAG9kgqdBHAuLMH2lfKmdMuX55qd8O+NO5rM7aIHdYQRjfcMQ==}
    engines: {node: '>=12.0.0'}
    deprecated: The name of the package has changed, more details in https://github.com/mui-org/material-ui/releases/tag/v5.0.0-rc.0
    peerDependencies:
      '@material-ui/core': ^5.0.0-alpha.36
      '@types/react': ^16.8.6 || ^17.0.0
      react: ^17.0.2
    peerDependenciesMeta:
      '@types/react':
        optional: true
    dependencies:
      '@babel/runtime': 7.15.4
      '@material-ui/core': 5.0.0-beta.5_b8fdba992ce7d797017dc07106486496
      '@types/react': 17.0.39
      react: 17.0.2
    dev: true

  /@material-ui/private-theming/5.0.0-beta.5_a0c521d4794c7ad97f5f4c1c4a7d5818:
    resolution: {integrity: sha512-3J642OgHUAga6CYtzWRWG3d5FKG6NMTSxXSyk0Cc85iz/Zvl3n+x7g/MCeq8VjZULv10NzkySIXdNFQi8EKmYA==}
    engines: {node: '>=12.0.0'}
    peerDependencies:
      '@types/react': ^16.8.6 || ^17.0.0
      react: ^17.0.2
    peerDependenciesMeta:
      '@types/react':
        optional: true
    dependencies:
      '@babel/runtime': 7.15.4
      '@material-ui/utils': 5.0.0-beta.5_react@17.0.2
      '@types/react': 17.0.39
      prop-types: 15.7.2
      react: 17.0.2
    dev: true

  /@material-ui/styled-engine/5.0.0-beta.5_react@17.0.2:
    resolution: {integrity: sha512-tZiHu/GQYoME9Gj7BdIL+giQRt0ptuFIrr3Tm0fIbBB2fXYKzUKiJcggG6R5tjSXX5TUsipXpOIK3h5Kh5ZYtw==}
    engines: {node: '>=12.0.0'}
    peerDependencies:
      '@emotion/react': ^11.4.1
      '@emotion/styled': ^11.3.0
      react: ^17.0.2
    peerDependenciesMeta:
      '@emotion/react':
        optional: true
      '@emotion/styled':
        optional: true
    dependencies:
      '@babel/runtime': 7.15.4
      '@emotion/cache': 11.7.1
      prop-types: 15.7.2
      react: 17.0.2
    dev: true

  /@material-ui/styles/5.0.0-beta.5_a0c521d4794c7ad97f5f4c1c4a7d5818:
    resolution: {integrity: sha512-qG88DGXNWgsdO8uhmJy0qVXX7TOIvCg9v6sL6CNDluPlao1cgw5UiHBkVBDqMJIOj+KiqThWzh/akzV+oEngSQ==}
    engines: {node: '>=12.0.0'}
    deprecated: The name of the package has changed, more details in https://github.com/mui-org/material-ui/releases/tag/v5.0.0-rc.0
    peerDependencies:
      '@types/react': ^16.8.6 || ^17.0.0
      react: ^17.0.2
    peerDependenciesMeta:
      '@types/react':
        optional: true
    dependencies:
      '@babel/runtime': 7.15.4
      '@emotion/hash': 0.8.0
      '@material-ui/private-theming': 5.0.0-beta.5_a0c521d4794c7ad97f5f4c1c4a7d5818
      '@material-ui/types': 6.0.2_@types+react@17.0.39
      '@material-ui/utils': 5.0.0-beta.5_react@17.0.2
      '@types/react': 17.0.39
      clsx: 1.1.1
      csstype: 3.0.2
      hoist-non-react-statics: 3.3.2
      jss: 10.9.0
      jss-plugin-camel-case: 10.9.0
      jss-plugin-default-unit: 10.9.0
      jss-plugin-global: 10.9.0
      jss-plugin-nested: 10.9.0
      jss-plugin-props-sort: 10.9.0
      jss-plugin-rule-value-function: 10.9.0
      jss-plugin-vendor-prefixer: 10.9.0
      prop-types: 15.7.2
      react: 17.0.2
    dev: true

  /@material-ui/system/5.0.0-beta.5_a0c521d4794c7ad97f5f4c1c4a7d5818:
    resolution: {integrity: sha512-4l0u/66X68xeSVumk5TY3vFS/5xwEhE3z68iRVRt36KwMItlWPEZTHFq2YTJVuBbGH9eQJxOsKRWUmpfswukKQ==}
    engines: {node: '>=12.0.0'}
    peerDependencies:
      '@emotion/react': ^11.4.1
      '@emotion/styled': ^11.3.0
      '@types/react': ^16.8.6 || ^17.0.0
      react: ^17.0.2
    peerDependenciesMeta:
      '@emotion/react':
        optional: true
      '@emotion/styled':
        optional: true
      '@types/react':
        optional: true
    dependencies:
      '@babel/runtime': 7.15.4
      '@material-ui/private-theming': 5.0.0-beta.5_a0c521d4794c7ad97f5f4c1c4a7d5818
      '@material-ui/styled-engine': 5.0.0-beta.5_react@17.0.2
      '@material-ui/types': 6.0.2_@types+react@17.0.39
      '@material-ui/utils': 5.0.0-beta.5_react@17.0.2
      '@types/react': 17.0.39
      clsx: 1.1.1
      csstype: 3.0.2
      prop-types: 15.7.2
      react: 17.0.2
    dev: true

  /@material-ui/types/6.0.2_@types+react@17.0.39:
    resolution: {integrity: sha512-/XUca4wUb9pWimLLdM1PE8KS8rTbDEGohSGkGtk3WST7lm23m+8RYv9uOmrvOg/VSsl4bMiOv4t2/LCb+RLbTg==}
    peerDependencies:
      '@types/react': '*'
    peerDependenciesMeta:
      '@types/react':
        optional: true
    dependencies:
      '@types/react': 17.0.39
    dev: true

  /@material-ui/unstyled/5.0.0-alpha.44_b8fdba992ce7d797017dc07106486496:
    resolution: {integrity: sha512-RNFs6CF+V/pdgxtN+hLA3/17CZ6uGEJit0qlvxb7CnSqMcN8dCen7jApnNDr3SMfZB6O0/B/sbnTQAOm1Cl3nQ==}
    engines: {node: '>=12.0.0'}
    deprecated: The name of the package has changed, more details in https://github.com/mui-org/material-ui/releases/tag/v5.0.0-rc.0
    peerDependencies:
      '@types/react': ^16.8.6 || ^17.0.0
      react: ^17.0.2
      react-dom: ^17.0.2
    peerDependenciesMeta:
      '@types/react':
        optional: true
    dependencies:
      '@babel/runtime': 7.15.4
      '@emotion/is-prop-valid': 1.1.1
      '@material-ui/utils': 5.0.0-beta.5_react@17.0.2
      '@types/react': 17.0.39
      clsx: 1.1.1
      prop-types: 15.7.2
      react: 17.0.2
      react-dom: 17.0.2_react@17.0.2
      react-is: 17.0.2
    dev: true

  /@material-ui/utils/5.0.0-beta.5_react@17.0.2:
    resolution: {integrity: sha512-wtJ3ovXWZdTAz5eLBqvMpYH/IBJb3qMQbGCyL1i00+sf7AUlAuv4QLx+QtX/siA6L7IpxUQVfqpoCpQH1eYRpQ==}
    engines: {node: '>=12.0.0'}
    peerDependencies:
      react: ^17.0.2
    dependencies:
      '@babel/runtime': 7.15.4
      '@types/prop-types': 15.7.4
      '@types/react-is': 17.0.3
      prop-types: 15.7.2
      react: 17.0.2
      react-is: 17.0.2
    dev: true

  /@popperjs/core/2.11.2:
    resolution: {integrity: sha512-92FRmppjjqz29VMJ2dn+xdyXZBrMlE42AV6Kq6BwjWV7CNUW1hs2FtxSNLQE+gJhaZ6AAmYuO9y8dshhcBl7vA==}
    dev: true

  /@types/color-name/1.1.1:
    resolution: {integrity: sha512-rr+OQyAjxze7GgWrSaJwydHStIhHq2lvY3BOC2Mj7KnzI7XK0Uw1TOOdI9lDoajEbSWLiYgoo4f1R51erQfhPQ==}
    dev: true

  /@types/cosmiconfig/5.0.3:
    resolution: {integrity: sha512-HgTGG7X5y9pLl3pixeo2XtDEFD8rq2EuH+S4mK6teCnAwWMucQl6v1D43hI4Uw1VJh6nu59lxLkqXHRl4uwThA==}
    dependencies:
      '@types/node': 17.0.18
    dev: true

  /@types/jest/27.4.0:
    resolution: {integrity: sha512-gHl8XuC1RZ8H2j5sHv/JqsaxXkDDM9iDOgu0Wp8sjs4u/snb2PVehyWXJPr+ORA0RPpgw231mnutWI1+0hgjIQ==}
    dependencies:
      jest-diff: 27.5.1
      pretty-format: 27.5.1
    dev: true

  /@types/node/12.12.54:
    resolution: {integrity: sha512-ge4xZ3vSBornVYlDnk7yZ0gK6ChHf/CHB7Gl1I0Jhah8DDnEQqBzgohYG4FX4p81TNirSETOiSyn+y1r9/IR6w==}
    dev: true

  /@types/node/17.0.18:
    resolution: {integrity: sha512-eKj4f/BsN/qcculZiRSujogjvp5O/k4lOW5m35NopjZM/QwLOR075a8pJW5hD+Rtdm2DaCVPENS6KtSQnUD6BA==}
    dev: true

  /@types/parse-json/4.0.0:
    resolution: {integrity: sha512-//oorEZjL6sbPcKUaCdIGlIUeH26mgzimjBB77G6XRgnDl/L5wOnpyBGRe/Mmf5CVW3PwEBE1NjiMZ/ssFh4wA==}
    dev: true

  /@types/prop-types/15.7.3:
    resolution: {integrity: sha512-KfRL3PuHmqQLOG+2tGpRO26Ctg+Cq1E01D2DMriKEATHgWLfeNDmq9e29Q9WIky0dQ3NPkd1mzYH8Lm936Z9qw==}
    dev: true

  /@types/prop-types/15.7.4:
    resolution: {integrity: sha512-rZ5drC/jWjrArrS8BR6SIr4cWpW09RNTYt9AMZo3Jwwif+iacXAqgVjm0B0Bv/S1jhDXKHqRVNCbACkJ89RAnQ==}
    dev: true

  /@types/react-is/17.0.3:
    resolution: {integrity: sha512-aBTIWg1emtu95bLTLx0cpkxwGW3ueZv71nE2YFBpL8k/z5czEW8yYpOo8Dp+UUAFAtKwNaOsh/ioSeQnWlZcfw==}
    dependencies:
      '@types/react': 17.0.39
    dev: true

  /@types/react-transition-group/4.4.0:
    resolution: {integrity: sha512-/QfLHGpu+2fQOqQaXh8MG9q03bFENooTb/it4jr5kKaZlDQfWvjqWZg48AwzPVMBHlRuTRAY7hRHCEOXz5kV6w==}
    dependencies:
      '@types/react': 17.0.39
    dev: true

  /@types/react/17.0.39:
    resolution: {integrity: sha512-UVavlfAxDd/AgAacMa60Azl7ygyQNRwC/DsHZmKgNvPmRR5p70AJ5Q9EAmL2NWOJmeV+vVUI4IAP7GZrN8h8Ug==}
    dependencies:
      '@types/prop-types': 15.7.3
      '@types/scheduler': 0.16.2
      csstype: 3.0.2
    dev: true

  /@types/scheduler/0.16.2:
    resolution: {integrity: sha512-hppQEBDmlwhFAXKJX2KnWLYu5yMfi91yazPb2l+lbJiwW+wdo1gNeRA+3RgNSO39WYX2euey41KEwnqesU2Jew==}
    dev: true

  /ansi-regex/5.0.1:
    resolution: {integrity: sha512-quJQXlTSUGL2LH9SUXo8VwsY4soanhgo6LNSm84E1LBcE8s3O0wpdiRzyR9z/ZZJMlMWv37qOOb9pdJlMUEKFQ==}
    engines: {node: '>=8'}
    dev: true

  /ansi-styles/3.2.1:
    resolution: {integrity: sha512-VT0ZI6kZRdTh8YyJw3SMbYm/u+NqfsAxEpWO0Pf9sq8/e94WxxOpPKx9FR1FlyCtOVDNOQ+8ntlqFxiRc+r5qA==}
    engines: {node: '>=4'}
    dependencies:
      color-convert: 1.9.3
    dev: true

  /ansi-styles/4.2.1:
    resolution: {integrity: sha512-9VGjrMsG1vePxcSweQsN20KY/c4zN0h9fLjqAbwbPfahM3t+NL+M9HC8xeXG2I8pX5NoamTGNuomEUFI7fcUjA==}
    engines: {node: '>=8'}
    dependencies:
      '@types/color-name': 1.1.1
      color-convert: 2.0.1
    dev: true

  /ansi-styles/5.2.0:
    resolution: {integrity: sha512-Cxwpt2SfTzTtXcfOlzGEee8O+c+MmUgGrNiBcXnuWxuFJHe6a5Hz7qwhwe5OgaSYI0IJvkLqWX1ASG+cJOkEiA==}
    engines: {node: '>=10'}
    dev: true

  /argparse/1.0.10:
    resolution: {integrity: sha512-o5Roy6tNG4SL/FOkCAN6RzjiakZS25RLYFrcMttJqbdd8BWrnA+fGz57iN5Pb06pvBGvl5gQ0B48dJlslXvoTg==}
    dependencies:
      sprintf-js: 1.0.3
    dev: true

  /balanced-match/1.0.0:
    resolution: {integrity: sha1-ibTRmasr7kneFk6gK4nORi1xt2c=}
    dev: true

  /brace-expansion/1.1.11:
    resolution: {integrity: sha512-iCuPHDFgrHX7H2vEI/5xpz07zSHB00TpugqhmYtVmMO6518mCuRMoOYFldEBl0g187ufozdaHgWKcYFb61qGiA==}
    dependencies:
      balanced-match: 1.0.0
      concat-map: 0.0.1
    dev: true

  /builtin-modules/1.1.1:
    resolution: {integrity: sha1-Jw8HbFpywC9bZaR9+Uxf46J4iS8=}
    engines: {node: '>=0.10.0'}
    dev: true

  /callsites/3.1.0:
    resolution: {integrity: sha512-P8BjAsXvZS+VIDUI11hHCQEv74YT67YUi5JJFNWIqL235sBmjX4+qx9Muvls5ivyNENctx46xQLQ3aTuE7ssaQ==}
    engines: {node: '>=6'}
    dev: true

  /chalk/2.4.2:
    resolution: {integrity: sha512-Mti+f9lpJNcwF4tWV8/OrTTtF1gZi+f8FqlyAdouralcFWFQWF2+NgCHShjkCb+IFBLq9buZwE1xckQU4peSuQ==}
    engines: {node: '>=4'}
    dependencies:
      ansi-styles: 3.2.1
      escape-string-regexp: 1.0.5
      supports-color: 5.5.0
    dev: true

  /chalk/4.1.2:
    resolution: {integrity: sha512-oKnbhFyRIXpUuez8iBMmyEa4nbj4IOQyuhc/wy9kY7/WVPcwIO9VA668Pu8RkO7+0G76SLROeyw9CpQ061i4mA==}
    engines: {node: '>=10'}
    dependencies:
      ansi-styles: 4.2.1
      supports-color: 7.1.0
    dev: true

  /clsx/1.1.1:
    resolution: {integrity: sha512-6/bPho624p3S2pMyvP5kKBPXnI3ufHLObBFCfgx+LkeR5lg2XYy2hqZqUf45ypD8COn2bhgGJSUE+l5dhNBieA==}
    engines: {node: '>=6'}
    dev: true

  /color-convert/1.9.3:
    resolution: {integrity: sha512-QfAUtd+vFdAtFQcC8CCyYt1fYWxSqAiK2cSD6zDB8N3cpsEBAvRxp9zOGg6G/SHHJYAT88/az/IuDGALsNVbGg==}
    dependencies:
      color-name: 1.1.3
    dev: true

  /color-convert/2.0.1:
    resolution: {integrity: sha512-RRECPsj7iu/xb5oKYcsFHSppFNnsj/52OVTRKb4zP5onXwVF3zVmmToNcOfGC+CRDpfK/U584fMg38ZHCaElKQ==}
    engines: {node: '>=7.0.0'}
    dependencies:
      color-name: 1.1.4
    dev: true

  /color-name/1.1.3:
    resolution: {integrity: sha1-p9BVi9icQveV3UIyj3QIMcpTvCU=}
    dev: true

  /color-name/1.1.4:
    resolution: {integrity: sha512-dOy+3AuW3a2wNbZHIuMZpTcgjGuLU/uBL/ubcZF9OXbDo8ff4O8yVp5Bf0efS8uEoYo5q4Fx7dY9OgQGXgAsQA==}
    dev: true

  /commander/2.20.3:
    resolution: {integrity: sha512-GpVkmM8vF2vQUkj2LvZmD35JxeJOLCwJ9cUkugyk2nuhbv3+mJvpLYYt+0+USMxE+oj+ey/lJEnhZw75x/OMcQ==}
    dev: true

  /concat-map/0.0.1:
    resolution: {integrity: sha1-2Klr13/Wjfd5OnMDajug1UBdR3s=}
    dev: true

  /cosmiconfig/6.0.0:
    resolution: {integrity: sha512-xb3ZL6+L8b9JLLCx3ZdoZy4+2ECphCMo2PwqgP1tlfVq6M6YReyzBJtvWWtbDSpNr9hn96pkCiZqUcFEc+54Qg==}
    engines: {node: '>=8'}
    dependencies:
      '@types/parse-json': 4.0.0
      import-fresh: 3.2.1
      parse-json: 5.1.0
      path-type: 4.0.0
      yaml: 1.10.0
    dev: true

  /css-vendor/2.0.8:
    resolution: {integrity: sha512-x9Aq0XTInxrkuFeHKbYC7zWY8ai7qJ04Kxd9MnvbC1uO5DagxoHQjm4JvG+vCdXOoFtCjbL2XSZfxmoYa9uQVQ==}
    dependencies:
      '@babel/runtime': 7.15.4
      is-in-browser: 1.1.3
    dev: true

  /csstype/3.0.2:
    resolution: {integrity: sha512-ofovWglpqoqbfLNOTBNZLSbMuGrblAf1efvvArGKOZMBrIoJeu5UsAipQolkijtyQx5MtAzT/J9IHj/CEY1mJw==}
    dev: true

  /diff-sequences/27.5.1:
    resolution: {integrity: sha512-k1gCAXAsNgLwEL+Y8Wvl+M6oEFj5bgazfZULpS5CneoPPXRaCCW7dm+q21Ky2VEE5X+VeRDBVg1Pcvvsr4TtNQ==}
    engines: {node: ^10.13.0 || ^12.13.0 || ^14.15.0 || >=15.0.0}
    dev: true

  /diff/4.0.2:
    resolution: {integrity: sha512-58lmxKSA4BNyLz+HHMUzlOEpg09FV+ev6ZMe3vJihgdxzgcwZ8VoEEPmALCZG9LmqfVoNMMKpttIYTVG6uDY7A==}
    engines: {node: '>=0.3.1'}
    dev: true

  /dom-helpers/5.2.0:
    resolution: {integrity: sha512-Ru5o9+V8CpunKnz5LGgWXkmrH/20cGKwcHwS4m73zIvs54CN9epEmT/HLqFJW3kXpakAFkEdzgy1hzlJe3E4OQ==}
    dependencies:
      '@babel/runtime': 7.15.4
      csstype: 3.0.2
    dev: true

  /error-ex/1.3.2:
    resolution: {integrity: sha512-7dFHNmqeFSEt2ZBsCriorKnn3Z2pj+fd9kmI6QoWw4//DL+icEBfc0U7qJCisqrTsKTjw4fNFy2pW9OqStD84g==}
    dependencies:
      is-arrayish: 0.2.1
    dev: true

  /escape-string-regexp/1.0.5:
    resolution: {integrity: sha1-G2HAViGQqN/2rjuyzwIAyhMLhtQ=}
    engines: {node: '>=0.8.0'}
    dev: true

  /esprima/4.0.1:
    resolution: {integrity: sha512-eGuFFw7Upda+g4p+QHvnW0RyTX/SVeJBDM/gCtMARO0cLuT2HcEKnTPvhjV6aGeqrCB/sbNop0Kszm0jsaWU4A==}
    engines: {node: '>=4'}
    hasBin: true
    dev: true

  /fs.realpath/1.0.0:
    resolution: {integrity: sha1-FQStJSMVjKpA20onh8sBQRmU6k8=}
    dev: true

  /glob/7.1.6:
    resolution: {integrity: sha512-LwaxwyZ72Lk7vZINtNNrywX0ZuLyStrdDtabefZKAY5ZGJhVtgdznluResxNmPitE0SAO+O26sWTHeKSI2wMBA==}
    dependencies:
      fs.realpath: 1.0.0
      inflight: 1.0.6
      inherits: 2.0.4
      minimatch: 3.0.4
      once: 1.4.0
      path-is-absolute: 1.0.1
    dev: true

  /has-flag/3.0.0:
    resolution: {integrity: sha1-tdRU3CGZriJWmfNGfloH87lVuv0=}
    engines: {node: '>=4'}
    dev: true

  /has-flag/4.0.0:
    resolution: {integrity: sha512-EykJT/Q1KjTWctppgIAgfSO0tKVuZUjhgMr17kqTumMl6Afv3EISleU7qZUzoXDFTAHTDC4NOoG/ZxU3EvlMPQ==}
    engines: {node: '>=8'}
    dev: true

  /hoist-non-react-statics/3.3.2:
    resolution: {integrity: sha512-/gGivxi8JPKWNm/W0jSmzcMPpfpPLc3dY/6GxhX2hQ9iGj3aDfklV4ET7NjKpSinLpJ5vafa9iiGIEZg10SfBw==}
    dependencies:
      react-is: 16.13.1
    dev: true

  /hyphenate-style-name/1.0.4:
    resolution: {integrity: sha512-ygGZLjmXfPHj+ZWh6LwbC37l43MhfztxetbFCoYTM2VjkIUpeHgSNn7QIyVFj7YQ1Wl9Cbw5sholVJPzWvC2MQ==}
    dev: true

  /import-fresh/3.2.1:
    resolution: {integrity: sha512-6e1q1cnWP2RXD9/keSkxHScg508CdXqXWgWBaETNhyuBFz+kUZlKboh+ISK+bU++DmbHimVBrOz/zzPe0sZ3sQ==}
    engines: {node: '>=6'}
    dependencies:
      parent-module: 1.0.1
      resolve-from: 4.0.0
    dev: true

  /inflight/1.0.6:
    resolution: {integrity: sha1-Sb1jMdfQLQwJvJEKEHW6gWW1bfk=}
    dependencies:
      once: 1.4.0
      wrappy: 1.0.2
    dev: true

  /inherits/2.0.4:
    resolution: {integrity: sha512-k/vGaX4/Yla3WzyMCvTQOXYeIHvqOKtnqBduzTHpzpQZzAskKMhZ2K+EnBiSM9zGSoIFeMpXKxa4dYeZIQqewQ==}
    dev: true

  /is-arrayish/0.2.1:
    resolution: {integrity: sha1-d8mYQFJ6qOyxqLppe4BkWnqSap0=}
    dev: true

  /is-in-browser/1.1.3:
    resolution: {integrity: sha1-Vv9NtoOgeMYILrldrX3GLh0E+DU=}
    dev: true

  /jest-diff/27.5.1:
    resolution: {integrity: sha512-m0NvkX55LDt9T4mctTEgnZk3fmEg3NRYutvMPWM/0iPnkFj2wIeF45O1718cMSOFO1vINkqmxqD8vE37uTEbqw==}
    engines: {node: ^10.13.0 || ^12.13.0 || ^14.15.0 || >=15.0.0}
    dependencies:
      chalk: 4.1.2
      diff-sequences: 27.5.1
      jest-get-type: 27.5.1
      pretty-format: 27.5.1
    dev: true

  /jest-get-type/27.5.1:
    resolution: {integrity: sha512-2KY95ksYSaK7DMBWQn6dQz3kqAf3BB64y2udeG+hv4KfSOb9qwcYQstTJc1KCbsix+wLZWZYN8t7nwX3GOBLRw==}
    engines: {node: ^10.13.0 || ^12.13.0 || ^14.15.0 || >=15.0.0}
    dev: true

  /js-tokens/4.0.0:
    resolution: {integrity: sha512-RdJUflcE3cUzKiMqQgsCu06FPu9UdIJO0beYbPhHN4k6apgJtifcoCtT9bcxOpYBtpD2kCM6Sbzg4CausW/PKQ==}
    dev: true

  /js-yaml/3.14.0:
    resolution: {integrity: sha512-/4IbIeHcD9VMHFqDR/gQ7EdZdLimOvW2DdcxFjdyyZ9NsbS+ccrXqVWDtab/lRl5AlUqmpBx8EhPaWR+OtY17A==}
    hasBin: true
    dependencies:
      argparse: 1.0.10
      esprima: 4.0.1
    dev: true

  /json-parse-even-better-errors/2.3.0:
    resolution: {integrity: sha512-o3aP+RsWDJZayj1SbHNQAI8x0v3T3SKiGoZlNYfbUP1S3omJQ6i9CnqADqkSPaOAxwua4/1YWx5CM7oiChJt2Q==}
    dev: true

  /jss-plugin-camel-case/10.9.0:
    resolution: {integrity: sha512-UH6uPpnDk413/r/2Olmw4+y54yEF2lRIV8XIZyuYpgPYTITLlPOsq6XB9qeqv+75SQSg3KLocq5jUBXW8qWWww==}
    dependencies:
      '@babel/runtime': 7.15.4
      hyphenate-style-name: 1.0.4
      jss: 10.9.0
    dev: true

  /jss-plugin-default-unit/10.9.0:
    resolution: {integrity: sha512-7Ju4Q9wJ/MZPsxfu4T84mzdn7pLHWeqoGd/D8O3eDNNJ93Xc8PxnLmV8s8ZPNRYkLdxZqKtm1nPQ0BM4JRlq2w==}
    dependencies:
      '@babel/runtime': 7.15.4
      jss: 10.9.0
    dev: true

  /jss-plugin-global/10.9.0:
    resolution: {integrity: sha512-4G8PHNJ0x6nwAFsEzcuVDiBlyMsj2y3VjmFAx/uHk/R/gzJV+yRHICjT4MKGGu1cJq2hfowFWCyrr/Gg37FbgQ==}
    dependencies:
      '@babel/runtime': 7.15.4
      jss: 10.9.0
    dev: true

  /jss-plugin-nested/10.9.0:
    resolution: {integrity: sha512-2UJnDrfCZpMYcpPYR16oZB7VAC6b/1QLsRiAutOt7wJaaqwCBvNsosLEu/fUyKNQNGdvg2PPJFDO5AX7dwxtoA==}
    dependencies:
      '@babel/runtime': 7.15.4
      jss: 10.9.0
      tiny-warning: 1.0.3
    dev: true

  /jss-plugin-props-sort/10.9.0:
    resolution: {integrity: sha512-7A76HI8bzwqrsMOJTWKx/uD5v+U8piLnp5bvru7g/3ZEQOu1+PjHvv7bFdNO3DwNPC9oM0a//KwIJsIcDCjDzw==}
    dependencies:
      '@babel/runtime': 7.15.4
      jss: 10.9.0
    dev: true

  /jss-plugin-rule-value-function/10.9.0:
    resolution: {integrity: sha512-IHJv6YrEf8pRzkY207cPmdbBstBaE+z8pazhPShfz0tZSDtRdQua5jjg6NMz3IbTasVx9FdnmptxPqSWL5tyJg==}
    dependencies:
      '@babel/runtime': 7.15.4
      jss: 10.9.0
      tiny-warning: 1.0.3
    dev: true

  /jss-plugin-vendor-prefixer/10.9.0:
    resolution: {integrity: sha512-MbvsaXP7iiVdYVSEoi+blrW+AYnTDvHTW6I6zqi7JcwXdc6I9Kbm234nEblayhF38EftoenbM+5218pidmC5gA==}
    dependencies:
      '@babel/runtime': 7.15.4
      css-vendor: 2.0.8
      jss: 10.9.0
    dev: true

  /jss/10.9.0:
    resolution: {integrity: sha512-YpzpreB6kUunQBbrlArlsMpXYyndt9JATbt95tajx0t4MTJJcCJdd4hdNpHmOIDiUJrF/oX5wtVFrS3uofWfGw==}
    dependencies:
      '@babel/runtime': 7.15.4
      csstype: 3.0.2
      is-in-browser: 1.1.3
      tiny-warning: 1.0.3
    dev: true

  /lines-and-columns/1.1.6:
    resolution: {integrity: sha1-HADHQ7QzzQpOgHWPe2SldEDZ/wA=}
    dev: true

  /lookpath/1.1.0:
    resolution: {integrity: sha512-B9NM7XpVfkyWqfOBI/UW0kVhGw7pJztsduch+1wkbYDi90mYK6/InFul3lG0hYko/VEcVMARVBJ5daFRc5aKCw==}
    engines: {npm: '>=6.13.4'}
    hasBin: true
    dev: true

  /loose-envify/1.4.0:
    resolution: {integrity: sha512-lyuxPGr/Wfhrlem2CL/UcnUc1zcqKAImBDzukY7Y5F/yQiNdko6+fRLevlw1HgMySw7f611UIY408EtxRSoK3Q==}
    hasBin: true
    dependencies:
      js-tokens: 4.0.0
    dev: true

  /minimatch/3.0.4:
    resolution: {integrity: sha512-yJHVQEhyqPLUTgt9B83PXu6W3rx4MvvHvSUvToogpwoGDOUQ+yDrR0HRot+yOCdCO7u4hX3pWft6kWBBcqh0UA==}
    dependencies:
      brace-expansion: 1.1.11
    dev: true

  /minimist/1.2.5:
    resolution: {integrity: sha512-FM9nNUYrRBAELZQT3xeZQ7fmMOBg6nWNmJKTcgsJeaLstP/UODVpGsr5OhXhhXg6f+qtJ8uiZ+PUxkDWcgIXLw==}
    dev: true

  /mkdirp/0.5.5:
    resolution: {integrity: sha512-NKmAlESf6jMGym1++R0Ra7wvhV+wFW63FaSOFPwRahvea0gMUcGUhVeAg/0BC0wiv9ih5NYPB1Wn1UEI1/L+xQ==}
    hasBin: true
    dependencies:
      minimist: 1.2.5
    dev: true

  /object-assign/4.1.1:
    resolution: {integrity: sha1-IQmtx5ZYh8/AXLvUQsrIv7s2CGM=}
    engines: {node: '>=0.10.0'}
    dev: true

  /once/1.4.0:
    resolution: {integrity: sha1-WDsap3WWHUsROsF9nFC6753Xa9E=}
    dependencies:
      wrappy: 1.0.2
    dev: true

  /parent-module/1.0.1:
    resolution: {integrity: sha512-GQ2EWRpQV8/o+Aw8YqtfZZPfNRWZYkbidE9k5rpl/hC3vtHHBfGm2Ifi6qWV+coDGkrUKZAxE3Lot5kcsRlh+g==}
    engines: {node: '>=6'}
    dependencies:
      callsites: 3.1.0
    dev: true

  /parse-json/5.1.0:
    resolution: {integrity: sha512-+mi/lmVVNKFNVyLXV31ERiy2CY5E1/F6QtJFEzoChPRwwngMNXRDQ9GJ5WdE2Z2P4AujsOi0/+2qHID68KwfIQ==}
    engines: {node: '>=8'}
    dependencies:
      '@babel/code-frame': 7.10.4
      error-ex: 1.3.2
      json-parse-even-better-errors: 2.3.0
      lines-and-columns: 1.1.6
    dev: true

  /path-is-absolute/1.0.1:
    resolution: {integrity: sha1-F0uSaHNVNP+8es5r9TpanhtcX18=}
    engines: {node: '>=0.10.0'}
    dev: true

  /path-parse/1.0.6:
    resolution: {integrity: sha512-GSmOT2EbHrINBf9SR7CDELwlJ8AENk3Qn7OikK4nFYAu3Ote2+JYNVvkpAEQm3/TLNEJFD/xZJjzyxg3KBWOzw==}
    dev: true

  /path-type/4.0.0:
    resolution: {integrity: sha512-gDKb8aZMDeD/tZWs9P6+q0J9Mwkdl6xMV8TjnGP3qJVJ06bdMgkbBlLU8IdfOsIsFz2BW1rNVT3XuNEl8zPAvw==}
    engines: {node: '>=8'}
    dev: true

  /pretty-format/27.5.1:
    resolution: {integrity: sha512-Qb1gy5OrP5+zDf2Bvnzdl3jsTf1qXVMazbvCoKhtKqVs4/YK4ozX4gKQJJVyNe+cajNPn0KoC0MC3FUmaHWEmQ==}
    engines: {node: ^10.13.0 || ^12.13.0 || ^14.15.0 || >=15.0.0}
    dependencies:
      ansi-regex: 5.0.1
      ansi-styles: 5.2.0
      react-is: 17.0.2
    dev: true

  /prop-types/15.7.2:
    resolution: {integrity: sha512-8QQikdH7//R2vurIJSutZ1smHYTcLpRWEOlHnzcWHmBYrOGUysKwSsrC89BCiFj3CbrfJ/nXFdJepOVrY1GCHQ==}
    dependencies:
      loose-envify: 1.4.0
      object-assign: 4.1.1
      react-is: 16.13.1
    dev: true

  /react-dom/17.0.2_react@17.0.2:
    resolution: {integrity: sha512-s4h96KtLDUQlsENhMn1ar8t2bEa+q/YAtj8pPPdIjPDGBDIVNsrD9aXNWqspUe6AzKCIG0C1HZZLqLV7qpOBGA==}
    peerDependencies:
      react: 17.0.2
    dependencies:
      loose-envify: 1.4.0
      object-assign: 4.1.1
      react: 17.0.2
      scheduler: 0.20.2
    dev: true

  /react-is/16.13.1:
    resolution: {integrity: sha512-24e6ynE2H+OKt4kqsOvNd8kBpV65zoxbA4BVsEOB3ARVWQki/DHzaUoC5KuON/BiccDaCCTZBuOcfZs70kR8bQ==}
    dev: true

  /react-is/17.0.2:
    resolution: {integrity: sha512-w2GsyukL62IJnlaff/nRegPQR94C/XXamvMWmSHRJ4y7Ts/4ocGRmTHvOs8PSE6pB3dWOrD/nueuU5sduBsQ4w==}
    dev: true

  /react-transition-group/4.4.1_react-dom@17.0.2+react@17.0.2:
    resolution: {integrity: sha512-Djqr7OQ2aPUiYurhPalTrVy9ddmFCCzwhqQmtN+J3+3DzLO209Fdr70QrN8Z3DsglWql6iY1lDWAfpFiBtuKGw==}
    peerDependencies:
      react: '>=16.6.0'
      react-dom: '>=16.6.0'
    dependencies:
      '@babel/runtime': 7.15.4
      dom-helpers: 5.2.0
      loose-envify: 1.4.0
      prop-types: 15.7.2
      react: 17.0.2
      react-dom: 17.0.2_react@17.0.2
    dev: true

  /react/17.0.2:
    resolution: {integrity: sha512-gnhPt75i/dq/z3/6q/0asP78D0u592D5L1pd7M8P+dck6Fu/jJeL6iVVK23fptSUZj8Vjf++7wXA8UNclGQcbA==}
    engines: {node: '>=0.10.0'}
    dependencies:
      loose-envify: 1.4.0
      object-assign: 4.1.1
    dev: true

  /regenerator-runtime/0.13.7:
    resolution: {integrity: sha512-a54FxoJDIr27pgf7IgeQGxmqUNYrcV338lf/6gH456HZ/PhX+5BcwHXG9ajESmwe6WRO0tAzRUrRmNONWgkrew==}
    dev: true

  /resolve-from/4.0.0:
    resolution: {integrity: sha512-pb/MYmXstAkysRFx8piNI1tGFNQIFA3vkE3Gq4EuA1dF6gHp/+vgZqsCGJapvy8N3Q+4o7FwvquPJcnZ7RYy4g==}
    engines: {node: '>=4'}
    dev: true

  /resolve/1.17.0:
    resolution: {integrity: sha512-ic+7JYiV8Vi2yzQGFWOkiZD5Z9z7O2Zhm9XMaTxdJExKasieFCr+yXZ/WmXsckHiKl12ar0y6XiXDx3m4RHn1w==}
    dependencies:
      path-parse: 1.0.6
    dev: true

  /scheduler/0.20.2:
    resolution: {integrity: sha512-2eWfGgAqqWFGqtdMmcL5zCMK1U8KlXv8SQFGglL3CEtd0aDVDWgeF/YoCmvln55m5zSk3J/20hTaSBeSObsQDQ==}
    dependencies:
      loose-envify: 1.4.0
      object-assign: 4.1.1
    dev: true

  /semver/5.7.1:
    resolution: {integrity: sha512-sauaDf/PZdVgrLTNYHRtpXa1iRiKcaebiKQ1BJdpQlWH2lCvexQdX55snPFyK7QzpudqbCI0qXFfOasHdyNDGQ==}
    hasBin: true
    dev: true

  /sprintf-js/1.0.3:
    resolution: {integrity: sha1-BOaSb2YolTVPPdAVIDYzuFcpfiw=}
    dev: true

  /stylis/4.0.13:
    resolution: {integrity: sha512-xGPXiFVl4YED9Jh7Euv2V220mriG9u4B2TA6Ybjc1catrstKD2PpIdU3U0RKpkVBC2EhmL/F0sPCr9vrFTNRag==}
    dev: true

  /supports-color/5.5.0:
    resolution: {integrity: sha512-QjVjwdXIt408MIiAqCX4oUKsgU2EqAGzs2Ppkm4aQYbjm+ZEWEcW4SfFNTr4uMNZma0ey4f5lgLrkB0aX0QMow==}
    engines: {node: '>=4'}
    dependencies:
      has-flag: 3.0.0
    dev: true

  /supports-color/7.1.0:
    resolution: {integrity: sha512-oRSIpR8pxT1Wr2FquTNnGet79b3BWljqOuoW/h4oBhxJ/HUbX5nX6JSruTkvXDCFMwDPvsaTTbvMLKZWSy0R5g==}
    engines: {node: '>=8'}
    dependencies:
      has-flag: 4.0.0
    dev: true

  /tiny-warning/1.0.3:
    resolution: {integrity: sha512-lBN9zLN/oAf68o3zNXYrdCt1kP8WsiGW8Oo2ka41b2IM5JL/S1CTyX1rW0mb/zSuJun0ZUrDxx4sqvYS2FWzPA==}
    dev: true

  /toolcheck/0.1.4:
    resolution: {integrity: sha512-MAZ8TOCRkz2KIWB1UKVj+eETc/emDV/8eXK1P5/UHA5L7LjLhdmEwy2RM0S2P2OzILLfF1exeOzy0eaLmxVJBA==}
    hasBin: true
    requiresBuild: true
    dependencies:
      '@types/cosmiconfig': 5.0.3
      '@types/node': 12.12.54
      cosmiconfig: 6.0.0
      lookpath: 1.1.0
    dev: true

  /tslib/1.13.0:
    resolution: {integrity: sha512-i/6DQjL8Xf3be4K/E6Wgpekn5Qasl1usyw++dAA35Ue5orEn65VIxOA+YvNNl9HV3qv70T7CNwjODHZrLwvd1Q==}
    dev: true

  /tslib/2.3.1:
    resolution: {integrity: sha512-77EbyPPpMz+FRFRuAFlWMtmgUWGe9UOG2Z25NqCwiIjRhOf5iKGuzSe5P2w1laq+FkRy4p+PCuVkJSGkzTEKVw==}
    dev: true

  /tslint/6.1.3_typescript@4.5.5:
    resolution: {integrity: sha512-IbR4nkT96EQOvKE2PW/djGz8iGNeJ4rF2mBfiYaR/nvUWYKJhLwimoJKgjIFEIDibBtOevj7BqCRL4oHeWWUCg==}
    engines: {node: '>=4.8.0'}
    hasBin: true
    peerDependencies:
      typescript: '>=2.3.0-dev || >=2.4.0-dev || >=2.5.0-dev || >=2.6.0-dev || >=2.7.0-dev || >=2.8.0-dev || >=2.9.0-dev || >=3.0.0-dev || >= 3.1.0-dev || >= 3.2.0-dev || >= 4.0.0-dev'
    dependencies:
      '@babel/code-frame': 7.10.4
      builtin-modules: 1.1.1
      chalk: 2.4.2
      commander: 2.20.3
      diff: 4.0.2
      glob: 7.1.6
      js-yaml: 3.14.0
      minimatch: 3.0.4
      mkdirp: 0.5.5
      resolve: 1.17.0
      semver: 5.7.1
      tslib: 1.13.0
      tsutils: 2.29.0_typescript@4.5.5
      typescript: 4.5.5
    dev: true

  /tsutils/2.29.0_typescript@4.5.5:
    resolution: {integrity: sha512-g5JVHCIJwzfISaXpXE1qvNalca5Jwob6FjI4AoPlqMusJ6ftFE7IkkFoMhVLRgK+4Kx3gkzb8UZK5t5yTTvEmA==}
    peerDependencies:
      typescript: '>=2.1.0 || >=2.1.0-dev || >=2.2.0-dev || >=2.3.0-dev || >=2.4.0-dev || >=2.5.0-dev || >=2.6.0-dev || >=2.7.0-dev || >=2.8.0-dev || >=2.9.0-dev || >= 3.0.0-dev || >= 3.1.0-dev'
    dependencies:
      tslib: 1.13.0
      typescript: 4.5.5
    dev: true

  /typescript/4.5.5:
    resolution: {integrity: sha512-TCTIul70LyWe6IJWT8QSYeA54WQe8EjQFU4wY52Fasj5UKx88LNYKCgBEHcOMOrFF1rKGbD8v/xcNWVUq9SymA==}
    engines: {node: '>=4.2.0'}
    hasBin: true
    dev: true

  /wrappy/1.0.2:
    resolution: {integrity: sha1-tSQ9jz7BqjXxNkYFvA0QNuMKtp8=}
    dev: true

  /yaml/1.10.0:
    resolution: {integrity: sha512-yr2icI4glYaNG+KWONODapy2/jDdMSDnrONSjblABjD9B4Z5LgiircSt8m8sRZFNi08kG9Sm0uSHtEmP3zaEGg==}
    engines: {node: '>= 6'}
    dev: true
