dependencies:
  '@tools/clean-typescript-build': 'link:../clean-typescript-build'
  '@tools/git-tag-versions': 'link:../git-tag-versions'
  '@tools/ignore-file': 'link:../ignore-file'
  '@tools/jest': 'link:../jest'
  '@tools/make-mjs': 'link:../make-mjs'
  '@tools/places': 'link:../places'
  '@tools/preloaded-node': 'link:../preloaded-node'
  '@tools/standardjs': 'link:../standardjs'
  '@tools/tslint': 'link:../tslint'
  '@tools/typescript': 'link:../typescript'
  '@tools/workspace': 'link:../workspace'
  chalk: 3.0.0
  exec-inline: 0.0.2
  number-enum: 3.0.0
lockfileVersion: 5.1
packages:
  /@babel/runtime-corejs2/7.7.6:
    dependencies:
      core-js: 2.6.11
      regenerator-runtime: 0.13.3
    dev: false
    resolution:
      integrity: sha512-QYp/8xdH8iMin3pH5gtT/rUuttVfIcOhWBC3wh9Eh/qs4jEe39+3DpCDLgWXhMQgiCTOH8mrLSvQ0OHOCcox9g==
  /@babel/runtime/7.7.6:
    dependencies:
      regenerator-runtime: 0.13.3
    dev: false
    resolution:
      integrity: sha512-BWAJxpNVa0QlE5gZdWjSxXtemZyZ9RmrmVozxt3NUXeZhVIJ5ANyqmMc0JDrivBZyxUuQvFxlvH4OWWOogGfUw==
  /@types/color-name/1.1.1:
    dev: false
    resolution:
      integrity: sha512-rr+OQyAjxze7GgWrSaJwydHStIhHq2lvY3BOC2Mj7KnzI7XK0Uw1TOOdI9lDoajEbSWLiYgoo4f1R51erQfhPQ==
  /@types/node/10.17.9:
    dev: false
    resolution:
      integrity: sha512-+6VygF9LbG7Gaqeog2G7u1+RUcmo0q1rI+2ZxdIg2fAUngk5Vz9fOCHXdloNUOHEPd1EuuOpL5O0CdgN9Fx5UQ==
  /ansi-styles/4.2.0:
    dependencies:
      '@types/color-name': 1.1.1
      color-convert: 2.0.1
    dev: false
    engines:
      node: '>=8'
    resolution:
      integrity: sha512-7kFQgnEaMdRtwf6uSfUnVr9gSGC7faurn+J/Mv90/W+iTtN0405/nLdopfMWwchyxhbGYl6TC4Sccn9TUkGAgg==
  /chalk/3.0.0:
    dependencies:
      ansi-styles: 4.2.0
      supports-color: 7.1.0
    dev: false
    engines:
      node: '>=8'
    resolution:
      integrity: sha512-4D3B6Wf41KOYRFdszmDqMCGq5VV/uMAB273JILmO+3jAlh8X4qDtdtgCR3fxtbLEMzSx22QdhnDcJvu2u1fVwg==
  /color-convert/2.0.1:
    dependencies:
      color-name: 1.1.4
    dev: false
    engines:
      node: '>=7.0.0'
    resolution:
      integrity: sha512-RRECPsj7iu/xb5oKYcsFHSppFNnsj/52OVTRKb4zP5onXwVF3zVmmToNcOfGC+CRDpfK/U584fMg38ZHCaElKQ==
  /color-name/1.1.4:
    dev: false
    resolution:
      integrity: sha512-dOy+3AuW3a2wNbZHIuMZpTcgjGuLU/uBL/ubcZF9OXbDo8ff4O8yVp5Bf0efS8uEoYo5q4Fx7dY9OgQGXgAsQA==
  /core-js/2.6.11:
    deprecated: 'core-js@<3 is no longer maintained and not recommended for usage due to the number of issues. Please, upgrade your dependencies to the actual version of core-js@3.'
    dev: false
    requiresBuild: true
    resolution:
      integrity: sha512-5wjnpaT/3dV+XB4borEsnAYQchn00XSgTAWKDkEqv+K8KevjbzmofK6hfJ9TZIlpj2N0xQpazy7PiRQiWHqzWg==
  /dequeue/1.0.5:
    dev: false
    resolution:
      integrity: sha1-EPHO8H4yNLIdyzj0v6LWYDSrZ8c=
  /exec-inline/0.0.2:
    dependencies:
      '@types/node': 10.17.9
      tslib: 1.10.0
    dev: false
    engines:
      node: '>= 8.9.0'
    resolution:
      integrity: sha512-Y37NLc/InNSvORukAagfNmkXiqwgqixZDJFQ6xm0H2wruImOte9g3151nmjWS+WpzdSyFpDUoAZxpqNVZTKoUQ==
  /has-flag/4.0.0:
    dev: false
    engines:
      node: '>=8'
    resolution:
      integrity: sha512-EykJT/Q1KjTWctppgIAgfSO0tKVuZUjhgMr17kqTumMl6Afv3EISleU7qZUzoXDFTAHTDC4NOoG/ZxU3EvlMPQ==
  /iter-tools/6.2.6:
    dependencies:
      '@babel/runtime': 7.7.6
      '@babel/runtime-corejs2': 7.7.6
      dequeue: 1.0.5
      little-ds-toolkit: 1.1.1
      typescript-tuple: 2.2.1
      typescript-union: 0.1.2
      utility-types: 3.10.0
    dev: false
    resolution:
      integrity: sha512-DlBSv7cIrM214wYFxyz4vg98BmEpxFTGx37ei/ktYT05shJHoDwz7wuaPx3XhaJi1uGEc5bM+vUBWhm3z6yNIg==
  /little-ds-toolkit/1.1.1:
    dev: false
    resolution:
      integrity: sha512-Zl5flhnd5W6nhRCyoL1bNlU8M5CWFp6SItMmK4pj39LKgzQD7LGg591OJ0jwDKat7mjHvJVkOyJT+BXOQH4iXw==
  /number-enum/3.0.0:
    dependencies:
      iter-tools: 6.2.6
    dev: false
    engines:
      node: '>= 8.9.0'
    resolution:
      integrity: sha512-y1YQ+1EXdFajhhUzobNBOhnKDbX57VRfwpeUIVR3mfWQeGKR3aR252Djs0nBAu71bHb3lFYyVpMOzT8xcZgB2w==
  /regenerator-runtime/0.13.3:
    dev: false
    resolution:
      integrity: sha512-naKIZz2GQ8JWh///G7L3X6LaQUAMp2lvb1rvwwsURe/VXwD6VMfr+/1NuNw3ag8v2kY1aQ/go5SNn79O9JU7yw==
  /supports-color/7.1.0:
    dependencies:
      has-flag: 4.0.0
    dev: false
    engines:
      node: '>=8'
    resolution:
      integrity: sha512-oRSIpR8pxT1Wr2FquTNnGet79b3BWljqOuoW/h4oBhxJ/HUbX5nX6JSruTkvXDCFMwDPvsaTTbvMLKZWSy0R5g==
  /tslib/1.10.0:
    dev: false
    resolution:
      integrity: sha512-qOebF53frne81cf0S9B41ByenJ3/IuH8yJKngAX35CmiZySA0khhkovshKK+jGCaMnVomla7gVlIcc3EvKPbTQ==
  /typescript-compare/0.0.2:
    dependencies:
      typescript-logic: 0.0.0
    dev: false
    resolution:
      integrity: sha512-8ja4j7pMHkfLJQO2/8tut7ub+J3Lw2S3061eJLFQcvs3tsmJKp8KG5NtpLn7KcY2w08edF74BSVN7qJS0U6oHA==
  /typescript-logic/0.0.0:
    dev: false
    resolution:
      integrity: sha512-zXFars5LUkI3zP492ls0VskH3TtdeHCqu0i7/duGt60i5IGPIpAHE/DWo5FqJ6EjQ15YKXrt+AETjv60Dat34Q==
  /typescript-tuple/2.2.1:
    dependencies:
      typescript-compare: 0.0.2
    dev: false
    resolution:
      integrity: sha512-Zcr0lbt8z5ZdEzERHAMAniTiIKerFCMgd7yjq1fPnDJ43et/k9twIFQMUYff9k5oXcsQ0WpvFcgzK2ZKASoW6Q==
  /typescript-union/0.1.2:
    dependencies:
      typescript-tuple: 2.2.1
      utility-types: 3.10.0
    dev: false
    resolution:
      integrity: sha512-pzfdtUZ8teglF69/dllzgd6yV7ikoszPHVyOkl4WGICRhTJgCTwL3+ZnnF/hvII536VbsNMQfd9GmLBNhtsmgg==
  /utility-types/3.10.0:
    dev: false
    engines:
      node: '>= 4'
    resolution:
      integrity: sha512-O11mqxmi7wMKCo6HKFt5AhO4BwY3VV68YU07tgxfz8zJTIxr4BpsezN49Ffwy9j3ZpwwJp4fkRwjRzq3uWE6Rg==
specifiers:
  '@tools/clean-typescript-build': 'file:../clean-typescript-build'
  '@tools/git-tag-versions': 'file:../git-tag-versions'
  '@tools/ignore-file': 'file:../ignore-file'
  '@tools/jest': 'file:../jest'
  '@tools/make-mjs': 'file:../make-mjs'
  '@tools/places': 'file:../places'
  '@tools/preloaded-node': 'file:../preloaded-node'
  '@tools/standardjs': 'file:../standardjs'
  '@tools/tslint': 'file:../tslint'
  '@tools/typescript': 'file:../typescript'
  '@tools/workspace': 'file:../workspace'
  chalk: ^3.0.0
  exec-inline: ^0.0.2
  number-enum: ^3.0.0
