lockfileVersion: 5.3

specifiers:
  '@types/fs-extra': ^9.0.13
  fast-traverse: ^0.1.7
  fs-extra: ^10.0.0
  iter-tools: ^7.2.2
  ts-pipe-compose: ^0.2.1

dependencies:
  '@types/fs-extra': 9.0.13
  fast-traverse: 0.1.7
  fs-extra: 10.0.0
  iter-tools: 7.2.2
  ts-pipe-compose: 0.2.1

packages:

  /@babel/runtime/7.17.2:
    resolution: {integrity: sha512-hzeyJyMA1YGdJTuWU0e/j4wKXrU4OMFvY2MSlaI9B7VQb0r5cxTE3EAIS2Q7Tn2RIcDkRvTA/v2JsAEhxe99uw==}
    engines: {node: '>=6.9.0'}
    dependencies:
      regenerator-runtime: 0.13.5
    dev: false

  /@types/fs-extra/9.0.13:
    resolution: {integrity: sha512-nEnwB++1u5lVDM2UI4c1+5R+FYaKfaAzS4OococimjVm3nQw3TuzH5UNsocrcTBbhnerblyHj4A49qXbIiZdpA==}
    dependencies:
      '@types/node': 14.6.1
    dev: false

  /@types/node/14.6.1:
    resolution: {integrity: sha512-HnYlg/BRF8uC1FyKRFZwRaCPTPYKa+6I8QiUZFLredaGOou481cgFS4wKRFyKvQtX8xudqkSdBczJHIYSQYKrQ==}
    dev: false

  /fast-traverse/0.1.7:
    resolution: {integrity: sha512-gZTQvJSgrGV24F8AeeTNxip8OEkjRHwDDpGw0b51TzRVGjJsKzh6CuHf9ltVjJZzni5Ead+EEQJ0IFCuoCJUtA==}
    dependencies:
      '@types/node': 14.6.1
      tslib: 2.0.1
    dev: false

  /fs-extra/10.0.0:
    resolution: {integrity: sha512-C5owb14u9eJwizKGdchcDUQeFtlSHHthBk8pbX9Vc1PFZrLombudjDnNns88aYslCyF6IY5SUw3Roz6xShcEIQ==}
    engines: {node: '>=12'}
    dependencies:
      graceful-fs: 4.2.4
      jsonfile: 6.0.1
      universalify: 2.0.0
    dev: false

  /graceful-fs/4.2.4:
    resolution: {integrity: sha512-WjKPNJF79dtJAVniUlGGWHYGz2jWxT6VhN/4m1NdkbZ2nOsEF+cI1Edgql5zCRhs/VsQYRvrXctxktVXZUkixw==}
    dev: false

  /iter-tools/7.2.2:
    resolution: {integrity: sha512-4PFLfSmndJgzA5wmyAZTJmgrJiDlQK2cGFdfEu9QPzzAnjY59yTbSnzFM/6sclMRQ+Y1MbdhLcVl74djK8PCVQ==}
    dependencies:
      '@babel/runtime': 7.17.2
    dev: false

  /jsonfile/6.0.1:
    resolution: {integrity: sha512-jR2b5v7d2vIOust+w3wtFKZIfpC2pnRmFAhAC/BuweZFQR8qZzxH1OyrQ10HmdVYiXWkYUqPVsz91cG7EL2FBg==}
    dependencies:
      universalify: 1.0.0
    optionalDependencies:
      graceful-fs: 4.2.4
    dev: false

  /regenerator-runtime/0.13.5:
    resolution: {integrity: sha512-ZS5w8CpKFinUzOwW3c83oPeVXoNsrLsaCoLtJvAClH135j/R77RuymhiSErhm2lKcwSCIpmvIWSbDkIfAqKQlA==}
    dev: false

  /ts-pipe-compose/0.2.1:
    resolution: {integrity: sha512-gf6ZldcfCDyNXPRiW3lQjEP1Z9rrUM/4Cn7BZbv3SdTA82zxWRP8OmLwvGR974uuENhGCFgFdN11z3n1Ofpprg==}
    engines: {node: '>= 8.9.0'}
    dev: false

  /tslib/2.0.1:
    resolution: {integrity: sha512-SgIkNheinmEBgx1IUNirK0TUD4X9yjjBRTqqjggWCU3pUEqIk3/Uwl3yRixYKT6WjQuGiwDv4NomL3wqRCj+CQ==}
    dev: false

  /universalify/1.0.0:
    resolution: {integrity: sha512-rb6X1W158d7pRQBg5gkR8uPaSfiids68LTJQYOtEUhoJUWBdaQHsuT/EUduxXYxcrt4r5PJ4fuHW1MHT6p0qug==}
    engines: {node: '>= 10.0.0'}
    dev: false

  /universalify/2.0.0:
    resolution: {integrity: sha512-hAZsKq7Yy11Zu1DE0OzWjw7nnLZmJZYTDZZyEFHZdUhV8FkH5MCfoU1XMaxXovpyW5nq5scPqq0ZDP9Zyl04oQ==}
    engines: {node: '>= 10.0.0'}
    dev: false
