lockfileVersion: 5.3

specifiers:
  '@tools/places': file:../places
  typescript: ^4.0.3

dependencies:
  '@tools/places': link:../places
  typescript: 4.0.3

packages:

  /typescript/4.0.3:
    resolution: {integrity: sha512-tEu6DGxGgRJPb/mVPIZ48e69xCn2yRmCgYmDugAVwmJ6o+0u1RI18eO7E7WBTLYLaEVVOhwQmcdhQHweux/WPg==}
    engines: {node: '>=4.2.0'}
    hasBin: true
    dev: false
