lockfileVersion: 5.3

specifiers:
  '@types/node': ^16.0.0
  tslib: ^2.0.1

dependencies:
  '@types/node': 16.11.25
  tslib: 2.0.1

packages:

  /@types/node/16.11.25:
    resolution: {integrity: sha512-NrTwfD7L1RTc2qrHQD4RTTy4p0CO2LatKBEKEds3CaVuhoM/+DJzmWZl5f+ikR8cm8F5mfJxK+9rQq07gRiSjQ==}
    dev: false

  /tslib/2.0.1:
    resolution: {integrity: sha512-SgIkNheinmEBgx1IUNirK0TUD4X9yjjBRTqqjggWCU3pUEqIk3/Uwl3yRixYKT6WjQuGiwDv4NomL3wqRCj+CQ==}
    dev: false
